
Microsoft Visual Studio Solution File, Format Version 12.00
# Visual Studio Version 17
VisualStudioVersion = 17.9.34728.123
MinimumVisualStudioVersion = 10.0.40219.1
Project("{9A19103F-16F7-4668-BE54-9A1E7A4F7556}") = "AccountProvider", "AccountProvider\AccountProvider.csproj", "{E4DBFB0C-3DAE-4680-A713-CDD20551A756}"
EndProject
Project("{9A19103F-16F7-4668-BE54-9A1E7A4F7556}") = "Data", "Data\Data.csproj", "{AE26674B-DFDB-435B-9425-5E1A83912616}"
EndProject
Global
	GlobalSection(SolutionConfigurationPlatforms) = preSolution
		Debug|Any CPU = Debug|Any CPU
		Release|Any CPU = Release|Any CPU
	EndGlobalSection
	GlobalSection(ProjectConfigurationPlatforms) = postSolution
		{E4DBFB0C-3DAE-4680-A713-CDD20551A756}.Debug|Any CPU.ActiveCfg = Debug|Any CPU
		{E4DBFB0C-3DAE-4680-A713-CDD20551A756}.Debug|Any CPU.Build.0 = Debug|Any CPU
		{E4DBFB0C-3DAE-4680-A713-CDD20551A756}.Release|Any CPU.ActiveCfg = Release|Any CPU
		{E4DBFB0C-3DAE-4680-A713-CDD20551A756}.Release|Any CPU.Build.0 = Release|Any CPU
		{AE26674B-DFDB-435B-9425-5E1A83912616}.Debug|Any CPU.ActiveCfg = Debug|Any CPU
		{AE26674B-DFDB-435B-9425-5E1A83912616}.Debug|Any CPU.Build.0 = Debug|Any CPU
		{AE26674B-DFDB-435B-9425-5E1A83912616}.Release|Any CPU.ActiveCfg = Release|Any CPU
		{AE26674B-DFDB-435B-9425-5E1A83912616}.Release|Any CPU.Build.0 = Release|Any CPU
	EndGlobalSection
	GlobalSection(SolutionProperties) = preSolution
		HideSolutionNode = FALSE
	EndGlobalSection
	GlobalSection(ExtensibilityGlobals) = postSolution
		SolutionGuid = {91F1CBCF-F867-4163-8186-625971DD180D}
	EndGlobalSection
EndGlobal
